
Microsoft Visual Studio Solution File, Format Version 12.00
# Visual Studio Version 16
VisualStudioVersion = 16.0.33027.164
MinimumVisualStudioVersion = 10.0.40219.1
Project("{FAE04EC0-301F-11D3-BF4B-00C04F79EFBC}") = "ADB-ASG1", "ADB-ASG1\ADB-ASG1.csproj", "{D776108B-81EC-4435-986C-E5752B677324}"
EndProject
Global
	GlobalSection(SolutionConfigurationPlatforms) = preSolution
		Debug|Any CPU = Debug|Any CPU
		Release|Any CPU = Release|Any CPU
	EndGlobalSection
	GlobalSection(ProjectConfigurationPlatforms) = postSolution
		{D776108B-81EC-4435-986C-E5752B677324}.Debug|Any CPU.ActiveCfg = Debug|Any CPU
		{D776108B-81EC-4435-986C-E5752B677324}.Debug|Any CPU.Build.0 = Debug|Any CPU
		{D776108B-81EC-4435-986C-E5752B677324}.Release|Any CPU.ActiveCfg = Release|Any CPU
		{D776108B-81EC-4435-986C-E5752B677324}.Release|Any CPU.Build.0 = Release|Any CPU
	EndGlobalSection
	GlobalSection(SolutionProperties) = preSolution
		HideSolutionNode = FALSE
	EndGlobalSection
	GlobalSection(ExtensibilityGlobals) = postSolution
		SolutionGuid = {7275A90C-2FF7-402A-B60F-1CF71147A43A}
	EndGlobalSection
EndGlobal
